// !$*UTF8*$!
{
	archiveVersion = 1;
	classes = {
	};
	objectVersion = 46;
	objects = {

/* Begin PBXBuildFile section */
		6325181A19C4ED7A005460DC /* libsegue-routing.a in Frameworks */ = {isa = PBXBuildFile; fileRef = 6357D3F719C4940C009FDA6D /* libsegue-routing.a */; };
		6351A38E19C496E60032C4E9 /* UIViewController+KNMSegueRouting.m in Sources */ = {isa = PBXBuildFile; fileRef = 6351A38D19C496E60032C4E9 /* UIViewController+KNMSegueRouting.m */; };
		6351A39019C4A2120032C4E9 /* KNMSegueRoutingTests.m in Sources */ = {isa = PBXBuildFile; fileRef = 6351A38F19C4A2120032C4E9 /* KNMSegueRoutingTests.m */; };
		6351A39319C4A3090032C4E9 /* KNMEnabledTestViewController.m in Sources */ = {isa = PBXBuildFile; fileRef = 6351A39219C4A3090032C4E9 /* KNMEnabledTestViewController.m */; };
		6351A39719C4A4930032C4E9 /* KNMSegueCall.m in Sources */ = {isa = PBXBuildFile; fileRef = 6351A39619C4A4930032C4E9 /* KNMSegueCall.m */; };
		6351A39A19C4A5220032C4E9 /* KNMTestViewController.m in Sources */ = {isa = PBXBuildFile; fileRef = 6351A39919C4A5220032C4E9 /* KNMTestViewController.m */; };
		63CC257719C6E6DF00C0E4E4 /* README.md in Sources */ = {isa = PBXBuildFile; fileRef = 63CC257619C6E6DF00C0E4E4 /* README.md */; };
/* End PBXBuildFile section */

/* Begin PBXContainerItemProxy section */
		6325181B19C4ED7F005460DC /* PBXContainerItemProxy */ = {
			isa = PBXContainerItemProxy;
			containerPortal = 6357D3EF19C4940B009FDA6D /* Project object */;
			proxyType = 1;
			remoteGlobalIDString = 6357D3F619C4940C009FDA6D;
			remoteInfo = "segue-routing";
		};
/* End PBXContainerItemProxy section */

/* Begin PBXCopyFilesBuildPhase section */
		6357D3F519C4940C009FDA6D /* CopyFiles */ = {
			isa = PBXCopyFilesBuildPhase;
			buildActionMask = 2147483647;
			dstPath = "include/$(PRODUCT_NAME)";
			dstSubfolderSpec = 16;
			files = (
			);
			runOnlyForDeploymentPostprocessing = 0;
		};
/* End PBXCopyFilesBuildPhase section */

/* Begin PBXFileReference section */
		6351A38C19C496E60032C4E9 /* UIViewController+KNMSegueRouting.h */ = {isa = PBXFileReference; fileEncoding = 4; lastKnownFileType = sourcecode.c.h; path = "UIViewController+KNMSegueRouting.h"; sourceTree = "<group>"; };
		6351A38D19C496E60032C4E9 /* UIViewController+KNMSegueRouting.m */ = {isa = PBXFileReference; fileEncoding = 4; lastKnownFileType = sourcecode.c.objc; path = "UIViewController+KNMSegueRouting.m"; sourceTree = "<group>"; };
		6351A38F19C4A2120032C4E9 /* KNMSegueRoutingTests.m */ = {isa = PBXFileReference; fileEncoding = 4; lastKnownFileType = sourcecode.c.objc; path = KNMSegueRoutingTests.m; sourceTree = "<group>"; };
		6351A39119C4A3090032C4E9 /* KNMEnabledTestViewController.h */ = {isa = PBXFileReference; fileEncoding = 4; lastKnownFileType = sourcecode.c.h; path = KNMEnabledTestViewController.h; sourceTree = "<group>"; };
		6351A39219C4A3090032C4E9 /* KNMEnabledTestViewController.m */ = {isa = PBXFileReference; fileEncoding = 4; lastKnownFileType = sourcecode.c.objc; path = KNMEnabledTestViewController.m; sourceTree = "<group>"; };
		6351A39519C4A4930032C4E9 /* KNMSegueCall.h */ = {isa = PBXFileReference; fileEncoding = 4; lastKnownFileType = sourcecode.c.h; path = KNMSegueCall.h; sourceTree = "<group>"; };
		6351A39619C4A4930032C4E9 /* KNMSegueCall.m */ = {isa = PBXFileReference; fileEncoding = 4; lastKnownFileType = sourcecode.c.objc; path = KNMSegueCall.m; sourceTree = "<group>"; };
		6351A39819C4A5220032C4E9 /* KNMTestViewController.h */ = {isa = PBXFileReference; fileEncoding = 4; lastKnownFileType = sourcecode.c.h; path = KNMTestViewController.h; sourceTree = "<group>"; };
		6351A39919C4A5220032C4E9 /* KNMTestViewController.m */ = {isa = PBXFileReference; fileEncoding = 4; lastKnownFileType = sourcecode.c.objc; path = KNMTestViewController.m; sourceTree = "<group>"; };
		6357D3F719C4940C009FDA6D /* libsegue-routing.a */ = {isa = PBXFileReference; explicitFileType = archive.ar; includeInIndex = 0; path = "libsegue-routing.a"; sourceTree = BUILT_PRODUCTS_DIR; };
		6357D40219C4940C009FDA6D /* segue-routing-tests.xctest */ = {isa = PBXFileReference; explicitFileType = wrapper.cfbundle; includeInIndex = 0; path = "segue-routing-tests.xctest"; sourceTree = BUILT_PRODUCTS_DIR; };
		6357D40519C4940C009FDA6D /* Info.plist */ = {isa = PBXFileReference; lastKnownFileType = text.plist.xml; path = Info.plist; sourceTree = "<group>"; };
		63A0C5BF19C494760008EF56 /* KNMSegueRouting.h */ = {isa = PBXFileReference; fileEncoding = 4; lastKnownFileType = sourcecode.c.h; path = KNMSegueRouting.h; sourceTree = "<group>"; };
		63CC257419C6E6DF00C0E4E4 /* KNMSegueRouting.podspec */ = {isa = PBXFileReference; fileEncoding = 4; lastKnownFileType = text; path = KNMSegueRouting.podspec; sourceTree = "<group>"; };
		63CC257519C6E6DF00C0E4E4 /* LICENSE */ = {isa = PBXFileReference; fileEncoding = 4; lastKnownFileType = text; path = LICENSE; sourceTree = "<group>"; };
		63CC257619C6E6DF00C0E4E4 /* README.md */ = {isa = PBXFileReference; fileEncoding = 4; lastKnownFileType = net.daringfireball.markdown; path = README.md; sourceTree = "<group>"; };
/* End PBXFileReference section */

/* Begin PBXFrameworksBuildPhase section */
		6357D3F419C4940C009FDA6D /* Frameworks */ = {
			isa = PBXFrameworksBuildPhase;
			buildActionMask = 2147483647;
			files = (
			);
			runOnlyForDeploymentPostprocessing = 0;
		};
		6357D3FF19C4940C009FDA6D /* Frameworks */ = {
			isa = PBXFrameworksBuildPhase;
			buildActionMask = 2147483647;
			files = (
				6325181A19C4ED7A005460DC /* libsegue-routing.a in Frameworks */,
			);
			runOnlyForDeploymentPostprocessing = 0;
		};
/* End PBXFrameworksBuildPhase section */

/* Begin PBXGroup section */
		6351A39419C4A31A0032C4E9 /* Helper Classes */ = {
			isa = PBXGroup;
			children = (
				6351A39519C4A4930032C4E9 /* KNMSegueCall.h */,
				6351A39619C4A4930032C4E9 /* KNMSegueCall.m */,
				6351A39819C4A5220032C4E9 /* KNMTestViewController.h */,
				6351A39919C4A5220032C4E9 /* KNMTestViewController.m */,
				6351A39119C4A3090032C4E9 /* KNMEnabledTestViewController.h */,
				6351A39219C4A3090032C4E9 /* KNMEnabledTestViewController.m */,
			);
			name = "Helper Classes";
			sourceTree = "<group>";
		};
		6357D3EE19C4940B009FDA6D = {
			isa = PBXGroup;
			children = (
				6357D3F919C4940C009FDA6D /* Sources */,
				6357D40319C4940C009FDA6D /* Tests */,
				63CC257319C6E6D500C0E4E4 /* Documentation */,
				6357D3F819C4940C009FDA6D /* Products */,
			);
			sourceTree = "<group>";
		};
		6357D3F819C4940C009FDA6D /* Products */ = {
			isa = PBXGroup;
			children = (
				6357D3F719C4940C009FDA6D /* libsegue-routing.a */,
				6357D40219C4940C009FDA6D /* segue-routing-tests.xctest */,
			);
			name = Products;
			sourceTree = "<group>";
		};
		6357D3F919C4940C009FDA6D /* Sources */ = {
			isa = PBXGroup;
			children = (
				63A0C5BF19C494760008EF56 /* KNMSegueRouting.h */,
				6351A38C19C496E60032C4E9 /* UIViewController+KNMSegueRouting.h */,
				6351A38D19C496E60032C4E9 /* UIViewController+KNMSegueRouting.m */,
			);
			path = Sources;
			sourceTree = "<group>";
		};
		6357D40319C4940C009FDA6D /* Tests */ = {
			isa = PBXGroup;
			children = (
				6357D40519C4940C009FDA6D /* Info.plist */,
				6351A38F19C4A2120032C4E9 /* KNMSegueRoutingTests.m */,
				6351A39419C4A31A0032C4E9 /* Helper Classes */,
			);
			path = Tests;
			sourceTree = "<group>";
		};
		63CC257319C6E6D500C0E4E4 /* Documentation */ = {
			isa = PBXGroup;
			children = (
				63CC257419C6E6DF00C0E4E4 /* KNMSegueRouting.podspec */,
				63CC257519C6E6DF00C0E4E4 /* LICENSE */,
				63CC257619C6E6DF00C0E4E4 /* README.md */,
			);
			name = Documentation;
			sourceTree = "<group>";
		};
/* End PBXGroup section */

/* Begin PBXNativeTarget section */
		6357D3F619C4940C009FDA6D /* segue-routing */ = {
			isa = PBXNativeTarget;
			buildConfigurationList = 6357D40819C4940C009FDA6D /* Build configuration list for PBXNativeTarget "segue-routing" */;
			buildPhases = (
				6357D3F319C4940C009FDA6D /* Sources */,
				6357D3F419C4940C009FDA6D /* Frameworks */,
				6357D3F519C4940C009FDA6D /* CopyFiles */,
			);
			buildRules = (
			);
			dependencies = (
			);
			name = "segue-routing";
			productName = "segue-routing";
			productReference = 6357D3F719C4940C009FDA6D /* libsegue-routing.a */;
			productType = "com.apple.product-type.library.static";
		};
		6357D40119C4940C009FDA6D /* segue-routing-tests */ = {
			isa = PBXNativeTarget;
			buildConfigurationList = 6357D40B19C4940C009FDA6D /* Build configuration list for PBXNativeTarget "segue-routing-tests" */;
			buildPhases = (
				6357D3FE19C4940C009FDA6D /* Sources */,
				6357D3FF19C4940C009FDA6D /* Frameworks */,
				6357D40019C4940C009FDA6D /* Resources */,
			);
			buildRules = (
			);
			dependencies = (
				6325181C19C4ED7F005460DC /* PBXTargetDependency */,
			);
			name = "segue-routing-tests";
			productName = "segue-routingTests";
			productReference = 6357D40219C4940C009FDA6D /* segue-routing-tests.xctest */;
			productType = "com.apple.product-type.bundle.unit-test";
		};
/* End PBXNativeTarget section */

/* Begin PBXProject section */
		6357D3EF19C4940B009FDA6D /* Project object */ = {
			isa = PBXProject;
			attributes = {
				CLASSPREFIX = KNM;
				LastUpgradeCheck = 0600;
				ORGANIZATIONNAME = "konoma GmbH";
				TargetAttributes = {
					6357D3F619C4940C009FDA6D = {
						CreatedOnToolsVersion = 6.0;
					};
					6357D40119C4940C009FDA6D = {
						CreatedOnToolsVersion = 6.0;
					};
				};
			};
			buildConfigurationList = 6357D3F219C4940B009FDA6D /* Build configuration list for PBXProject "segue-routing" */;
			compatibilityVersion = "Xcode 3.2";
			developmentRegion = English;
			hasScannedForEncodings = 0;
			knownRegions = (
				en,
			);
			mainGroup = 6357D3EE19C4940B009FDA6D;
			productRefGroup = 6357D3F819C4940C009FDA6D /* Products */;
			projectDirPath = "";
			projectRoot = "";
			targets = (
				6357D3F619C4940C009FDA6D /* segue-routing */,
				6357D40119C4940C009FDA6D /* segue-routing-tests */,
			);
		};
/* End PBXProject section */

/* Begin PBXResourcesBuildPhase section */
		6357D40019C4940C009FDA6D /* Resources */ = {
			isa = PBXResourcesBuildPhase;
			buildActionMask = 2147483647;
			files = (
			);
			runOnlyForDeploymentPostprocessing = 0;
		};
/* End PBXResourcesBuildPhase section */

/* Begin PBXSourcesBuildPhase section */
		6357D3F319C4940C009FDA6D /* Sources */ = {
			isa = PBXSourcesBuildPhase;
			buildActionMask = 2147483647;
			files = (
				63CC257719C6E6DF00C0E4E4 /* README.md in Sources */,
				6351A38E19C496E60032C4E9 /* UIViewController+KNMSegueRouting.m in Sources */,
			);
			runOnlyForDeploymentPostprocessing = 0;
		};
		6357D3FE19C4940C009FDA6D /* Sources */ = {
			isa = PBXSourcesBuildPhase;
			buildActionMask = 2147483647;
			files = (
				6351A39019C4A2120032C4E9 /* KNMSegueRoutingTests.m in Sources */,
				6351A39719C4A4930032C4E9 /* KNMSegueCall.m in Sources */,
				6351A39319C4A3090032C4E9 /* KNMEnabledTestViewController.m in Sources */,
				6351A39A19C4A5220032C4E9 /* KNMTestViewController.m in Sources */,
			);
			runOnlyForDeploymentPostprocessing = 0;
		};
/* End PBXSourcesBuildPhase section */

/* Begin PBXTargetDependency section */
		6325181C19C4ED7F005460DC /* PBXTargetDependency */ = {
			isa = PBXTargetDependency;
			target = 6357D3F619C4940C009FDA6D /* segue-routing */;
			targetProxy = 6325181B19C4ED7F005460DC /* PBXContainerItemProxy */;
		};
/* End PBXTargetDependency section */

/* Begin XCBuildConfiguration section */
		6357D40619C4940C009FDA6D /* Debug */ = {
			isa = XCBuildConfiguration;
			buildSettings = {
				ALWAYS_SEARCH_USER_PATHS = NO;
				CLANG_CXX_LANGUAGE_STANDARD = "gnu++0x";
				CLANG_CXX_LIBRARY = "libc++";
				CLANG_ENABLE_MODULES = YES;
				CLANG_ENABLE_OBJC_ARC = YES;
				CLANG_WARN_BOOL_CONVERSION = YES;
				CLANG_WARN_CONSTANT_CONVERSION = YES;
				CLANG_WARN_DIRECT_OBJC_ISA_USAGE = YES_ERROR;
				CLANG_WARN_EMPTY_BODY = YES;
				CLANG_WARN_ENUM_CONVERSION = YES;
				CLANG_WARN_INT_CONVERSION = YES;
				CLANG_WARN_OBJC_ROOT_CLASS = YES_ERROR;
				CLANG_WARN_UNREACHABLE_CODE = YES;
				CLANG_WARN__DUPLICATE_METHOD_MATCH = YES;
				COPY_PHASE_STRIP = NO;
				ENABLE_STRICT_OBJC_MSGSEND = YES;
				GCC_C_LANGUAGE_STANDARD = gnu99;
				GCC_DYNAMIC_NO_PIC = NO;
				GCC_OPTIMIZATION_LEVEL = 0;
				GCC_PREPROCESSOR_DEFINITIONS = (
					"DEBUG=1",
					"$(inherited)",
				);
				GCC_SYMBOLS_PRIVATE_EXTERN = NO;
				GCC_WARN_64_TO_32_BIT_CONVERSION = YES;
				GCC_WARN_ABOUT_RETURN_TYPE = YES_ERROR;
				GCC_WARN_UNDECLARED_SELECTOR = YES;
				GCC_WARN_UNINITIALIZED_AUTOS = YES_AGGRESSIVE;
				GCC_WARN_UNUSED_FUNCTION = YES;
				GCC_WARN_UNUSED_VARIABLE = YES;
				IPHONEOS_DEPLOYMENT_TARGET = 8.0;
				MTL_ENABLE_DEBUG_INFO = YES;
				ONLY_ACTIVE_ARCH = YES;
				SDKROOT = iphoneos;
			};
			name = Debug;
		};
		6357D40719C4940C009FDA6D /* Release */ = {
			isa = XCBuildConfiguration;
			buildSettings = {
				ALWAYS_SEARCH_USER_PATHS = NO;
				CLANG_CXX_LANGUAGE_STANDARD = "gnu++0x";
				CLANG_CXX_LIBRARY = "libc++";
				CLANG_ENABLE_MODULES = YES;
				CLANG_ENABLE_OBJC_ARC = YES;
				CLANG_WARN_BOOL_CONVERSION = YES;
				CLANG_WARN_CONSTANT_CONVERSION = YES;
				CLANG_WARN_DIRECT_OBJC_ISA_USAGE = YES_ERROR;
				CLANG_WARN_EMPTY_BODY = YES;
				CLANG_WARN_ENUM_CONVERSION = YES;
				CLANG_WARN_INT_CONVERSION = YES;
				CLANG_WARN_OBJC_ROOT_CLASS = YES_ERROR;
				CLANG_WARN_UNREACHABLE_CODE = YES;
				CLANG_WARN__DUPLICATE_METHOD_MATCH = YES;
				COPY_PHASE_STRIP = YES;
				ENABLE_NS_ASSERTIONS = NO;
				ENABLE_STRICT_OBJC_MSGSEND = YES;
				GCC_C_LANGUAGE_STANDARD = gnu99;
				GCC_WARN_64_TO_32_BIT_CONVERSION = YES;
				GCC_WARN_ABOUT_RETURN_TYPE = YES_ERROR;
				GCC_WARN_UNDECLARED_SELECTOR = YES;
				GCC_WARN_UNINITIALIZED_AUTOS = YES_AGGRESSIVE;
				GCC_WARN_UNUSED_FUNCTION = YES;
				GCC_WARN_UNUSED_VARIABLE = YES;
				IPHONEOS_DEPLOYMENT_TARGET = 8.0;
				MTL_ENABLE_DEBUG_INFO = NO;
				SDKROOT = iphoneos;
				VALIDATE_PRODUCT = YES;
			};
			name = Release;
		};
		6357D40919C4940C009FDA6D /* Debug */ = {
			isa = XCBuildConfiguration;
			buildSettings = {
				OTHER_LDFLAGS = "-ObjC";
				PRODUCT_NAME = "$(TARGET_NAME)";
				SKIP_INSTALL = YES;
			};
			name = Debug;
		};
		6357D40A19C4940C009FDA6D /* Release */ = {
			isa = XCBuildConfiguration;
			buildSettings = {
				OTHER_LDFLAGS = "-ObjC";
				PRODUCT_NAME = "$(TARGET_NAME)";
				SKIP_INSTALL = YES;
			};
			name = Release;
		};
		6357D40C19C4940C009FDA6D /* Debug */ = {
			isa = XCBuildConfiguration;
			buildSettings = {
				FRAMEWORK_SEARCH_PATHS = (
					"$(SDKROOT)/Developer/Library/Frameworks",
					"$(inherited)",
				);
				GCC_PREPROCESSOR_DEFINITIONS = (
					"DEBUG=1",
					"$(inherited)",
				);
				INFOPLIST_FILE = Tests/Info.plist;
				LD_RUNPATH_SEARCH_PATHS = "$(inherited) @executable_path/Frameworks @loader_path/Frameworks";
				OTHER_LDFLAGS = (
					"$(inherited)",
					"-framework",
					XCTest,
					"-ObjC",
				);
				PRODUCT_NAME = "$(TARGET_NAME)";
			};
			name = Debug;
		};
		6357D40D19C4940C009FDA6D /* Release */ = {
			isa = XCBuildConfiguration;
			buildSettings = {
				FRAMEWORK_SEARCH_PATHS = (
					"$(SDKROOT)/Developer/Library/Frameworks",
					"$(inherited)",
				);
				INFOPLIST_FILE = Tests/Info.plist;
				LD_RUNPATH_SEARCH_PATHS = "$(inherited) @executable_path/Frameworks @loader_path/Frameworks";
				OTHER_LDFLAGS = (
					"$(inherited)",
					"-framework",
					XCTest,
					"-ObjC",
				);
				PRODUCT_NAME = "$(TARGET_NAME)";
			};
			name = Release;
		};
/* End XCBuildConfiguration section */

/* Begin XCConfigurationList section */
		6357D3F219C4940B009FDA6D /* Build configuration list for PBXProject "segue-routing" */ = {
			isa = XCConfigurationList;
			buildConfigurations = (
				6357D40619C4940C009FDA6D /* Debug */,
				6357D40719C4940C009FDA6D /* Release */,
			);
			defaultConfigurationIsVisible = 0;
			defaultConfigurationName = Release;
		};
		6357D40819C4940C009FDA6D /* Build configuration list for PBXNativeTarget "segue-routing" */ = {
			isa = XCConfigurationList;
			buildConfigurations = (
				6357D40919C4940C009FDA6D /* Debug */,
				6357D40A19C4940C009FDA6D /* Release */,
			);
			defaultConfigurationIsVisible = 0;
			defaultConfigurationName = Release;
		};
		6357D40B19C4940C009FDA6D /* Build configuration list for PBXNativeTarget "segue-routing-tests" */ = {
			isa = XCConfigurationList;
			buildConfigurations = (
				6357D40C19C4940C009FDA6D /* Debug */,
				6357D40D19C4940C009FDA6D /* Release */,
			);
			defaultConfigurationIsVisible = 0;
			defaultConfigurationName = Release;
		};
/* End XCConfigurationList section */
	};
	rootObject = 6357D3EF19C4940B009FDA6D /* Project object */;
}
